
Microsoft Visual Studio Solution File, Format Version 12.00
# Visual Studio 14
VisualStudioVersion = 14.0.23107.0
MinimumVisualStudioVersion = 10.0.40219.1
Project("{2150E333-8FDC-42A3-9474-1A3956D46DE8}") = ".nuget", ".nuget", "{D40C763C-C99A-42D5-B15A-7908B12B2D7A}"
	ProjectSection(SolutionItems) = preProject
		.nuget\NuGet.Config = .nuget\NuGet.Config
		.nuget\NuGet.exe = .nuget\NuGet.exe
		.nuget\NuGet.targets = .nuget\NuGet.targets
	EndProjectSection
EndProject
Project("{FAE04EC0-301F-11D3-BF4B-00C04F79EFBC}") = "test", "test\test.csproj", "{197D96CB-9AC6-4B33-AB2F-447312807410}"
EndProject
Project("{FAE04EC0-301F-11D3-BF4B-00C04F79EFBC}") = "types", "types\types.csproj", "{5D207E3E-50E5-4D1F-8892-60879E2258EF}"
EndProject
Project("{FAE04EC0-301F-11D3-BF4B-00C04F79EFBC}") = "RavenStore", "ravenstore\RavenStore.csproj", "{70B19562-7C39-4EF5-B5E3-A4ECF27EF972}"
EndProject
Project("{FAE04EC0-301F-11D3-BF4B-00C04F79EFBC}") = "web", "web\web.csproj", "{E512BF5A-B34A-4FD6-B223-CFCF5CC57D2F}"
EndProject
Project("{FAE04EC0-301F-11D3-BF4B-00C04F79EFBC}") = "web.tests", "web.tests\web.tests.csproj", "{F6956E83-7F85-4019-945F-4883034960F2}"
EndProject
Project("{FAE04EC0-301F-11D3-BF4B-00C04F79EFBC}") = "core", "core\core.csproj", "{50504179-F2F9-4536-BE2F-F208C62D9DBB}"
EndProject
Project("{FAE04EC0-301F-11D3-BF4B-00C04F79EFBC}") = "sqlstore", "sqlstore\sqlstore.csproj", "{7048E589-FE7F-4D58-87EE-118D65B4C6DD}"
EndProject
Project("{FAE04EC0-301F-11D3-BF4B-00C04F79EFBC}") = "sqlstore.tests", "sqlstore.tests\sqlstore.tests.csproj", "{A35E1BC8-FD03-4415-A566-3370210DEA59}"
EndProject
Project("{FAE04EC0-301F-11D3-BF4B-00C04F79EFBC}") = "common", "common\common.csproj", "{15894576-3828-48EA-9EF1-F735169F6430}"
EndProject
Project("{FAE04EC0-301F-11D3-BF4B-00C04F79EFBC}") = "fixie.shim", "fixie.shim\fixie.shim.csproj", "{3970F251-0ADA-4DAF-9571-A3A60BEAC7C5}"
EndProject
Global
	GlobalSection(SolutionConfigurationPlatforms) = preSolution
		Debug|Any CPU = Debug|Any CPU
		Release|Any CPU = Release|Any CPU
	EndGlobalSection
	GlobalSection(ProjectConfigurationPlatforms) = postSolution
		{197D96CB-9AC6-4B33-AB2F-447312807410}.Debug|Any CPU.ActiveCfg = Debug|Any CPU
		{197D96CB-9AC6-4B33-AB2F-447312807410}.Debug|Any CPU.Build.0 = Debug|Any CPU
		{197D96CB-9AC6-4B33-AB2F-447312807410}.Release|Any CPU.ActiveCfg = Release|Any CPU
		{197D96CB-9AC6-4B33-AB2F-447312807410}.Release|Any CPU.Build.0 = Release|Any CPU
		{5D207E3E-50E5-4D1F-8892-60879E2258EF}.Debug|Any CPU.ActiveCfg = Debug|Any CPU
		{5D207E3E-50E5-4D1F-8892-60879E2258EF}.Debug|Any CPU.Build.0 = Debug|Any CPU
		{5D207E3E-50E5-4D1F-8892-60879E2258EF}.Release|Any CPU.ActiveCfg = Release|Any CPU
		{5D207E3E-50E5-4D1F-8892-60879E2258EF}.Release|Any CPU.Build.0 = Release|Any CPU
		{70B19562-7C39-4EF5-B5E3-A4ECF27EF972}.Debug|Any CPU.ActiveCfg = Debug|Any CPU
		{70B19562-7C39-4EF5-B5E3-A4ECF27EF972}.Debug|Any CPU.Build.0 = Debug|Any CPU
		{70B19562-7C39-4EF5-B5E3-A4ECF27EF972}.Release|Any CPU.ActiveCfg = Release|Any CPU
		{70B19562-7C39-4EF5-B5E3-A4ECF27EF972}.Release|Any CPU.Build.0 = Release|Any CPU
		{E512BF5A-B34A-4FD6-B223-CFCF5CC57D2F}.Debug|Any CPU.ActiveCfg = Debug|Any CPU
		{E512BF5A-B34A-4FD6-B223-CFCF5CC57D2F}.Debug|Any CPU.Build.0 = Debug|Any CPU
		{E512BF5A-B34A-4FD6-B223-CFCF5CC57D2F}.Release|Any CPU.ActiveCfg = Release|Any CPU
		{E512BF5A-B34A-4FD6-B223-CFCF5CC57D2F}.Release|Any CPU.Build.0 = Release|Any CPU
		{F6956E83-7F85-4019-945F-4883034960F2}.Debug|Any CPU.ActiveCfg = Debug|Any CPU
		{F6956E83-7F85-4019-945F-4883034960F2}.Debug|Any CPU.Build.0 = Debug|Any CPU
		{F6956E83-7F85-4019-945F-4883034960F2}.Release|Any CPU.ActiveCfg = Release|Any CPU
		{F6956E83-7F85-4019-945F-4883034960F2}.Release|Any CPU.Build.0 = Release|Any CPU
		{50504179-F2F9-4536-BE2F-F208C62D9DBB}.Debug|Any CPU.ActiveCfg = Debug|Any CPU
		{50504179-F2F9-4536-BE2F-F208C62D9DBB}.Debug|Any CPU.Build.0 = Debug|Any CPU
		{50504179-F2F9-4536-BE2F-F208C62D9DBB}.Release|Any CPU.ActiveCfg = Release|Any CPU
		{50504179-F2F9-4536-BE2F-F208C62D9DBB}.Release|Any CPU.Build.0 = Release|Any CPU
		{7048E589-FE7F-4D58-87EE-118D65B4C6DD}.Debug|Any CPU.ActiveCfg = Debug|Any CPU
		{7048E589-FE7F-4D58-87EE-118D65B4C6DD}.Debug|Any CPU.Build.0 = Debug|Any CPU
		{7048E589-FE7F-4D58-87EE-118D65B4C6DD}.Release|Any CPU.ActiveCfg = Release|Any CPU
		{7048E589-FE7F-4D58-87EE-118D65B4C6DD}.Release|Any CPU.Build.0 = Release|Any CPU
		{A35E1BC8-FD03-4415-A566-3370210DEA59}.Debug|Any CPU.ActiveCfg = Debug|Any CPU
		{A35E1BC8-FD03-4415-A566-3370210DEA59}.Debug|Any CPU.Build.0 = Debug|Any CPU
		{A35E1BC8-FD03-4415-A566-3370210DEA59}.Release|Any CPU.ActiveCfg = Release|Any CPU
		{A35E1BC8-FD03-4415-A566-3370210DEA59}.Release|Any CPU.Build.0 = Release|Any CPU
		{15894576-3828-48EA-9EF1-F735169F6430}.Debug|Any CPU.ActiveCfg = Debug|Any CPU
		{15894576-3828-48EA-9EF1-F735169F6430}.Debug|Any CPU.Build.0 = Debug|Any CPU
		{15894576-3828-48EA-9EF1-F735169F6430}.Release|Any CPU.ActiveCfg = Release|Any CPU
		{15894576-3828-48EA-9EF1-F735169F6430}.Release|Any CPU.Build.0 = Release|Any CPU
		{3970F251-0ADA-4DAF-9571-A3A60BEAC7C5}.Debug|Any CPU.ActiveCfg = Debug|Any CPU
		{3970F251-0ADA-4DAF-9571-A3A60BEAC7C5}.Debug|Any CPU.Build.0 = Debug|Any CPU
		{3970F251-0ADA-4DAF-9571-A3A60BEAC7C5}.Release|Any CPU.ActiveCfg = Release|Any CPU
		{3970F251-0ADA-4DAF-9571-A3A60BEAC7C5}.Release|Any CPU.Build.0 = Release|Any CPU
	EndGlobalSection
	GlobalSection(SolutionProperties) = preSolution
		HideSolutionNode = FALSE
	EndGlobalSection
EndGlobal
